
Microsoft Visual Studio Solution File, Format Version 12.00
# Visual Studio Version 16
VisualStudioVersion = 16.0.29102.190
MinimumVisualStudioVersion = 10.0.40219.1
Project("{9A19103F-16F7-4668-BE54-9A1E7A4F7556}") = "PawsClaws", "PawsClaws.csproj", "{479FBA22-9422-4B42-BF36-F87DA273B49E}"
EndProject
Global
	GlobalSection(SolutionConfigurationPlatforms) = preSolution
		Debug|Any CPU = Debug|Any CPU
		Release|Any CPU = Release|Any CPU
	EndGlobalSection
	GlobalSection(ProjectConfigurationPlatforms) = postSolution
		{479FBA22-9422-4B42-BF36-F87DA273B49E}.Debug|Any CPU.ActiveCfg = Debug|Any CPU
		{479FBA22-9422-4B42-BF36-F87DA273B49E}.Debug|Any CPU.Build.0 = Debug|Any CPU
		{479FBA22-9422-4B42-BF36-F87DA273B49E}.Release|Any CPU.ActiveCfg = Release|Any CPU
		{479FBA22-9422-4B42-BF36-F87DA273B49E}.Release|Any CPU.Build.0 = Release|Any CPU
	EndGlobalSection
	GlobalSection(SolutionProperties) = preSolution
		HideSolutionNode = FALSE
	EndGlobalSection
	GlobalSection(ExtensibilityGlobals) = postSolution
		SolutionGuid = {017502F0-B79C-486F-84E7-4C563F13F608}
	EndGlobalSection
EndGlobal
